{
	"name": "game",
	"version": "1.0.0",
	"lockfileVersion": 3,
	"requires": true,
	"packages": {
		"": {
			"name": "game",
			"version": "1.0.0",
			"devDependencies": {
				"@eslint/js": "^10.0.1",
				"@types/howler": "^2.2.13",
				"@types/node": "^26.6.4",
				"@types/three": "^0.186.0",
				"@typescript-eslint/eslint-plugin": "^8.71.0",
				"@typescript-eslint/parser": "^8.71.0",
				"electron": "44.5.1",
				"eslint": "^10.12.0",
				"globals": "^17.13.0",
				"howler": "^2.2.4",
				"jiti": "^2.7.0",
				"nodemon": "^3.1.14",
				"terser": "^5.51.2",
				"three": "^0.186.1",
				"typedoc": "^0.28.20",
				"typedoc-github-theme": "^0.4.0",
				"typescript": "^6.0.3",
				"typescript-eslint": "^8.71.0"
			}
		},
		"node_modules/@cacheable/memory": {
			"version": "2.2.0",
			"resolved": "https://registry.npmjs.org/@cacheable/memory/-/memory-2.2.0.tgz",
			"integrity": "sha512-CTLKqLItRCEixEAewD3/j9DB3/o96gpTPD4eJ1v+DGOlxZRZncRQkGYqqnAGCscYd6RNeXfGeiuCphsPtqyIfQ==",
			"dev": true,
			"license": "MIT",
			"dependencies": {
				"@cacheable/utils": "^2.5.0",
				"@keyv/bigmap": "^1.3.1",
				"hookified": "^1.15.1",
				"keyv": "^5.6.0"
			}
		},
		"node_modules/@cacheable/utils": {
			"version": "2.5.0",
			"resolved": "https://registry.npmjs.org/@cacheable/utils/-/utils-2.5.0.tgz",
			"integrity": "sha512-buipgOVDkkPXNR5+xBpDw7Zk2n1EvU7qBJCNUcL7rhQ//kfpOXPAvQ511Os0vpLYJ1pZnvudNytkQt2hst3wqA==",
			"dev": true,
			"license": "MIT",
			"dependencies": {
				"hashery": "^1.5.1",
				"keyv": "^5.6.0"
			}
		},
		"node_modules/@dimforge/rapier3d-compat": {
			"version": "0.12.0",
			"dev": true,
			"license": "Apache-2.0"
		},
		"node_modules/@electron-internal/extract-zip": {
			"version": "1.0.5",
			"dev": true,
			"license": "BSD-2-Clause",
			"engines": {
				"node": ">=22.12.0"
			}
		},
		"node_modules/@electron/get": {
			"version": "5.1.0",
			"dev": true,
			"license": "MIT",
			"dependencies": {
				"debug": "^4.1.1",
				"env-paths": "^3.0.0",
				"graceful-fs": "^4.2.11",
				"progress": "^2.0.3",
				"semver": "^7.6.3",
				"sumchecker": "^3.0.1"
			},
			"engines": {
				"node": ">=22.12.0"
			},
			"optionalDependencies": {
				"undici": "^7.24.4"
			}
		},
		"node_modules/@eslint-community/eslint-utils": {
			"version": "4.10.1",
			"dev": true,
			"license": "MIT",
			"dependencies": {
				"eslint-visitor-keys": "^3.4.3"
			},
			"engines": {
				"node": "^12.22.0 || ^14.17.0 || >=16.0.0"
			},
			"funding": {
				"url": "https://opencollective.com/eslint"
			},
			"peerDependencies": {
				"eslint": "^6.0.0 || ^7.0.0 || >=8.0.0"
			}
		},
		"node_modules/@eslint-community/regexpp": {
			"version": "4.12.2",
			"dev": true,
			"license": "MIT",
			"engines": {
				"node": "^12.0.0 || ^14.0.0 || >=16.0.0"
			}
		},
		"node_modules/@eslint/config-array": {
			"version": "0.23.5",
			"dev": true,
			"license": "Apache-2.0",
			"dependencies": {
				"@eslint/object-schema": "^3.0.5",
				"debug": "^4.3.1",
				"minimatch": "^10.2.4"
			},
			"engines": {
				"node": "^20.19.0 || ^22.13.0 || >=24"
			}
		},
		"node_modules/@eslint/config-helpers": {
			"version": "0.7.0",
			"dev": true,
			"license": "Apache-2.0",
			"dependencies": {
				"@eslint/core": "^1.2.1"
			},
			"engines": {
				"node": "^20.19.0 || ^22.13.0 || >=24"
			}
		},
		"node_modules/@eslint/core": {
			"version": "1.2.1",
			"dev": true,
			"license": "Apache-2.0",
			"dependencies": {
				"@types/json-schema": "^7.0.15"
			},
			"engines": {
				"node": "^20.19.0 || ^22.13.0 || >=24"
			}
		},
		"node_modules/@eslint/js": {
			"version": "10.0.1",
			"dev": true,
			"license": "MIT",
			"engines": {
				"node": "^20.19.0 || ^22.13.0 || >=24"
			},
			"funding": {
				"url": "https://eslint.org/donate"
			},
			"peerDependencies": {
				"eslint": "^10.0.0"
			},
			"peerDependenciesMeta": {
				"eslint": {
					"optional": true
				}
			}
		},
		"node_modules/@eslint/object-schema": {
			"version": "3.0.5",
			"dev": true,
			"license": "Apache-2.0",
			"engines": {
				"node": "^20.19.0 || ^22.13.0 || >=24"
			}
		},
		"node_modules/@eslint/plugin-kit": {
			"version": "0.7.3",
			"resolved": "https://registry.npmjs.org/@eslint/plugin-kit/-/plugin-kit-0.7.3.tgz",
			"integrity": "sha512-IkO+/KEUvwbVpiURZg+P7zF74z5Jxe0UgJxVni+RtoHQ6IZieXaO02kmadomap/q+l6bc/jdPGGqTjhuZnuz1Q==",
			"dev": true,
			"license": "Apache-2.0",
			"dependencies": {
				"@eslint/core": "^1.2.1",
				"levn": "^0.4.1"
			},
			"engines": {
				"node": "^20.19.0 || ^22.13.0 || >=24"
			}
		},
		"node_modules/@gerrit0/mini-shiki": {
			"version": "3.23.0",
			"dev": true,
			"license": "MIT",
			"dependencies": {
				"@shikijs/engine-oniguruma": "^3.23.0",
				"@shikijs/langs": "^3.23.0",
				"@shikijs/themes": "^3.23.0",
				"@shikijs/types": "^3.23.0",
				"@shikijs/vscode-textmate": "^10.0.2"
			}
		},
		"node_modules/@humanfs/core": {
			"version": "0.19.2",
			"dev": true,
			"license": "Apache-2.0",
			"dependencies": {
				"@humanfs/types": "^0.15.0"
			},
			"engines": {
				"node": ">=18.18.0"
			}
		},
		"node_modules/@humanfs/node": {
			"version": "0.16.8",
			"dev": true,
			"license": "Apache-2.0",
			"dependencies": {
				"@humanfs/core": "^0.19.2",
				"@humanfs/types": "^0.15.0",
				"@humanwhocodes/retry": "^0.4.0"
			},
			"engines": {
				"node": ">=18.18.0"
			}
		},
		"node_modules/@humanfs/types": {
			"version": "0.15.0",
			"dev": true,
			"license": "Apache-2.0",
			"engines": {
				"node": ">=18.18.0"
			}
		},
		"node_modules/@humanwhocodes/module-importer": {
			"version": "1.0.1",
			"dev": true,
			"license": "Apache-2.0",
			"engines": {
				"node": ">=12.22"
			},
			"funding": {
				"type": "github",
				"url": "https://github.com/sponsors/nzakas"
			}
		},
		"node_modules/@humanwhocodes/retry": {
			"version": "0.4.3",
			"dev": true,
			"license": "Apache-2.0",
			"engines": {
				"node": ">=18.18"
			},
			"funding": {
				"type": "github",
				"url": "https://github.com/sponsors/nzakas"
			}
		},
		"node_modules/@jridgewell/gen-mapping": {
			"version": "0.3.13",
			"resolved": "https://registry.npmjs.org/@jridgewell/gen-mapping/-/gen-mapping-0.3.13.tgz",
			"integrity": "sha512-2kkt/7niJ6MgEPxF0bYdQ6etZaA+fQvDcLKckhy1yIQOzaoKjBBjSj63/aLVjYE3qhRt5dvM+uUyfCg6UKCBbA==",
			"dev": true,
			"license": "MIT",
			"dependencies": {
				"@jridgewell/sourcemap-codec": "^1.5.0",
				"@jridgewell/trace-mapping": "^0.3.24"
			}
		},
		"node_modules/@jridgewell/resolve-uri": {
			"version": "3.1.2",
			"resolved": "https://registry.npmjs.org/@jridgewell/resolve-uri/-/resolve-uri-3.1.2.tgz",
			"integrity": "sha512-bRISgCIjP20/tbWSPWMEi54QVPRZExkuD9lJL+UIxUKtwVJA8wW1Trb1jMs1RFXo1CBTNZ/5hpC9QvmKWdopKw==",
			"dev": true,
			"license": "MIT",
			"engines": {
				"node": ">=6.0.0"
			}
		},
		"node_modules/@jridgewell/source-map": {
			"version": "0.3.11",
			"resolved": "https://registry.npmjs.org/@jridgewell/source-map/-/source-map-0.3.11.tgz",
			"integrity": "sha512-ZMp1V8ZFcPG5dIWnQLr3NSI1MiCU7UETdS/A0G8V/XWHvJv3ZsFqutJn1Y5RPmAPX6F3BiE397OqveU/9NCuIA==",
			"dev": true,
			"license": "MIT",
			"dependencies": {
				"@jridgewell/gen-mapping": "^0.3.5",
				"@jridgewell/trace-mapping": "^0.3.25"
			}
		},
		"node_modules/@jridgewell/sourcemap-codec": {
			"version": "1.6.0",
			"resolved": "https://registry.npmjs.org/@jridgewell/sourcemap-codec/-/sourcemap-codec-1.6.0.tgz",
			"integrity": "sha512-T7jf+5zgsZHwNJ4lvQ7/aezbyk0nNX+zJVWpmHA7VYsEx7a7qr5Rg5IbtJFqkgze5Y2sruq1RUY8Q837Od7iFw==",
			"dev": true,
			"license": "MIT"
		},
		"node_modules/@jridgewell/trace-mapping": {
			"version": "0.3.31",
			"resolved": "https://registry.npmjs.org/@jridgewell/trace-mapping/-/trace-mapping-0.3.31.tgz",
			"integrity": "sha512-zzNR+SdQSDJzc8joaeP8QQoCQr8NuYx2dIIytl1QeBEZHJ9uW6hebsrYgbz8hJwUQao3TWCMtmfV8Nu1twOLAw==",
			"dev": true,
			"license": "MIT",
			"dependencies": {
				"@jridgewell/resolve-uri": "^3.1.0",
				"@jridgewell/sourcemap-codec": "^1.4.14"
			}
		},
		"node_modules/@keyv/bigmap": {
			"version": "1.3.1",
			"resolved": "https://registry.npmjs.org/@keyv/bigmap/-/bigmap-1.3.1.tgz",
			"integrity": "sha512-WbzE9sdmQtKy8vrNPa9BRnwZh5UF4s1KTmSK0KUVLo3eff5BlQNNWDnFOouNpKfPKDnms9xynJjsMYjMaT/aFQ==",
			"dev": true,
			"license": "MIT",
			"dependencies": {
				"hashery": "^1.4.0",
				"hookified": "^1.15.0"
			},
			"engines": {
				"node": ">= 18"
			},
			"peerDependencies": {
				"keyv": "^5.6.0"
			}
		},
		"node_modules/@keyv/serialize": {
			"version": "1.1.1",
			"resolved": "https://registry.npmjs.org/@keyv/serialize/-/serialize-1.1.1.tgz",
			"integrity": "sha512-dXn3FZhPv0US+7dtJsIi2R+c7qWYiReoEh5zUntWCf4oSpMNib8FDhSoed6m3QyZdx5hK7iLFkYk3rNxwt8vTA==",
			"dev": true,
			"license": "MIT"
		},
		"node_modules/@shikijs/engine-oniguruma": {
			"version": "3.23.0",
			"dev": true,
			"license": "MIT",
			"dependencies": {
				"@shikijs/types": "3.23.0",
				"@shikijs/vscode-textmate": "^10.0.2"
			}
		},
		"node_modules/@shikijs/langs": {
			"version": "3.23.0",
			"dev": true,
			"license": "MIT",
			"dependencies": {
				"@shikijs/types": "3.23.0"
			}
		},
		"node_modules/@shikijs/themes": {
			"version": "3.23.0",
			"dev": true,
			"license": "MIT",
			"dependencies": {
				"@shikijs/types": "3.23.0"
			}
		},
		"node_modules/@shikijs/types": {
			"version": "3.23.0",
			"dev": true,
			"license": "MIT",
			"dependencies": {
				"@shikijs/vscode-textmate": "^10.0.2",
				"@types/hast": "^3.0.4"
			}
		},
		"node_modules/@shikijs/vscode-textmate": {
			"version": "10.0.2",
			"dev": true,
			"license": "MIT"
		},
		"node_modules/@tweenjs/tween.js": {
			"version": "23.1.3",
			"dev": true,
			"license": "MIT"
		},
		"node_modules/@types/esrecurse": {
			"version": "4.3.1",
			"dev": true,
			"license": "MIT"
		},
		"node_modules/@types/estree": {
			"version": "1.0.9",
			"dev": true,
			"license": "MIT"
		},
		"node_modules/@types/hast": {
			"version": "3.0.5",
			"dev": true,
			"license": "MIT",
			"dependencies": {
				"@types/unist": "*"
			}
		},
		"node_modules/@types/howler": {
			"version": "2.2.13",
			"dev": true,
			"license": "MIT"
		},
		"node_modules/@types/json-schema": {
			"version": "7.0.15",
			"dev": true,
			"license": "MIT"
		},
		"node_modules/@types/node": {
			"version": "26.6.4",
			"resolved": "https://registry.npmjs.org/@types/node/-/node-26.6.4.tgz",
			"integrity": "sha512-ldVPDCzj7fsaGZrLB0NuHuTvJcsNasysBAqMolr/cgxrLd1xbqxIr3XJiPnHHJUCxj5sNF1vnRj9aWnrVh5Jcg==",
			"dev": true,
			"license": "MIT",
			"dependencies": {
				"undici-types": "~8.9.0"
			}
		},
		"node_modules/@types/stats.js": {
			"version": "0.17.4",
			"dev": true,
			"license": "MIT"
		},
		"node_modules/@types/three": {
			"version": "0.186.0",
			"resolved": "https://registry.npmjs.org/@types/three/-/three-0.186.0.tgz",
			"integrity": "sha512-mxYSBpDC+D0pLfSP6sW4WZTcT+nrtmZcimMqnVmy36Hte3XpeYSrvgg4TRdaM1GemGog1AWzI5qL2VoIfMXbJQ==",
			"dev": true,
			"license": "MIT",
			"dependencies": {
				"@dimforge/rapier3d-compat": "~0.12.0",
				"@tweenjs/tween.js": "~23.1.3",
				"@types/stats.js": "*",
				"@types/webxr": ">=0.5.17",
				"fflate": "~0.8.3",
				"meshoptimizer": "~1.1.1"
			}
		},
		"node_modules/@types/unist": {
			"version": "3.0.3",
			"dev": true,
			"license": "MIT"
		},
		"node_modules/@types/webxr": {
			"version": "0.5.24",
			"dev": true,
			"license": "MIT"
		},
		"node_modules/@typescript-eslint/eslint-plugin": {
			"version": "8.71.0",
			"resolved": "https://registry.npmjs.org/@typescript-eslint/eslint-plugin/-/eslint-plugin-8.71.0.tgz",
			"integrity": "sha512-pqcS9c1HxZTHt7End4nXqd0s5lJrrFzrgCkKFJrsbUnaL6M3+6oBFZaslg6Gjsl3argl2DDRFROnXARaZ2e4Nw==",
			"dev": true,
			"license": "MIT",
			"dependencies": {
				"@eslint-community/regexpp": "^4.12.2",
				"@typescript-eslint/scope-manager": "8.71.0",
				"@typescript-eslint/type-utils": "8.71.0",
				"@typescript-eslint/utils": "8.71.0",
				"@typescript-eslint/visitor-keys": "8.71.0",
				"ignore": "^7.0.5",
				"natural-compare": "^1.4.0",
				"ts-api-utils": "^2.5.0"
			},
			"engines": {
				"node": "^18.18.0 || ^20.9.0 || >=21.1.0"
			},
			"funding": {
				"type": "opencollective",
				"url": "https://opencollective.com/typescript-eslint"
			},
			"peerDependencies": {
				"@typescript-eslint/parser": "^8.71.0",
				"eslint": "^8.57.0 || ^9.0.0 || ^10.0.0",
				"typescript": ">=4.8.4 <6.1.0"
			}
		},
		"node_modules/@typescript-eslint/parser": {
			"version": "8.71.0",
			"resolved": "https://registry.npmjs.org/@typescript-eslint/parser/-/parser-8.71.0.tgz",
			"integrity": "sha512-CG4nPk1f2zc8yw4pALqHsFYH2hdo+h1T9daSp21+Hnxi9LOE3GT9hAfTKJCBXVNM2GmYs1eMEP615wPoeOgk3A==",
			"dev": true,
			"license": "MIT",
			"dependencies": {
				"@typescript-eslint/scope-manager": "8.71.0",
				"@typescript-eslint/types": "8.71.0",
				"@typescript-eslint/typescript-estree": "8.71.0",
				"@typescript-eslint/visitor-keys": "8.71.0",
				"debug": "^4.4.3"
			},
			"engines": {
				"node": "^18.18.0 || ^20.9.0 || >=21.1.0"
			},
			"funding": {
				"type": "opencollective",
				"url": "https://opencollective.com/typescript-eslint"
			},
			"peerDependencies": {
				"eslint": "^8.57.0 || ^9.0.0 || ^10.0.0",
				"typescript": ">=4.8.4 <6.1.0"
			}
		},
		"node_modules/@typescript-eslint/project-service": {
			"version": "8.71.0",
			"resolved": "https://registry.npmjs.org/@typescript-eslint/project-service/-/project-service-8.71.0.tgz",
			"integrity": "sha512-aABjw5rjBacYONVPaPiWOCjJu0vEF4a25iQuodlmQYL1trtLZ0X/y+2Vzl3BKI1odM4LnwLE1oUDXYp1wzx1TQ==",
			"dev": true,
			"license": "MIT",
			"dependencies": {
				"@typescript-eslint/tsconfig-utils": "^8.71.0",
				"@typescript-eslint/types": "^8.71.0",
				"debug": "^4.4.3"
			},
			"engines": {
				"node": "^18.18.0 || ^20.9.0 || >=21.1.0"
			},
			"funding": {
				"type": "opencollective",
				"url": "https://opencollective.com/typescript-eslint"
			},
			"peerDependencies": {
				"typescript": ">=4.8.4 <6.1.0"
			}
		},
		"node_modules/@typescript-eslint/scope-manager": {
			"version": "8.71.0",
			"resolved": "https://registry.npmjs.org/@typescript-eslint/scope-manager/-/scope-manager-8.71.0.tgz",
			"integrity": "sha512-gWF0BhUcnjZxSpLE8ngS/59n2SB0J3YqRxvX1+2aoRJk9hNtHSLOV+TcarFiOr5ipXm3yc1QrI4c9YZc8zyCxw==",
			"dev": true,
			"license": "MIT",
			"dependencies": {
				"@typescript-eslint/types": "8.71.0",
				"@typescript-eslint/visitor-keys": "8.71.0"
			},
			"engines": {
				"node": "^18.18.0 || ^20.9.0 || >=21.1.0"
			},
			"funding": {
				"type": "opencollective",
				"url": "https://opencollective.com/typescript-eslint"
			}
		},
		"node_modules/@typescript-eslint/tsconfig-utils": {
			"version": "8.71.0",
			"resolved": "https://registry.npmjs.org/@typescript-eslint/tsconfig-utils/-/tsconfig-utils-8.71.0.tgz",
			"integrity": "sha512-Z1UlWHADEK2Mlb9NpWfDeSjqoZ5EyrOv4R3eQpbkzqn/EwaIdOpXXupEA1+0ZIOSJSZZDBHG0BrQyN8zUG6Pwg==",
			"dev": true,
			"license": "MIT",
			"engines": {
				"node": "^18.18.0 || ^20.9.0 || >=21.1.0"
			},
			"funding": {
				"type": "opencollective",
				"url": "https://opencollective.com/typescript-eslint"
			},
			"peerDependencies": {
				"typescript": ">=4.8.4 <6.1.0"
			}
		},
		"node_modules/@typescript-eslint/type-utils": {
			"version": "8.71.0",
			"resolved": "https://registry.npmjs.org/@typescript-eslint/type-utils/-/type-utils-8.71.0.tgz",
			"integrity": "sha512-i8uO1qbdxeKgRnS5sCRt6On3/nfo2d2DwQe3Yvjx543zLy7r8ySqRuPPiIIXAhS03U0v5NfAFx+rUgxFzKKwNw==",
			"dev": true,
			"license": "MIT",
			"dependencies": {
				"@typescript-eslint/types": "8.71.0",
				"@typescript-eslint/typescript-estree": "8.71.0",
				"@typescript-eslint/utils": "8.71.0",
				"debug": "^4.4.3",
				"ts-api-utils": "^2.5.0"
			},
			"engines": {
				"node": "^18.18.0 || ^20.9.0 || >=21.1.0"
			},
			"funding": {
				"type": "opencollective",
				"url": "https://opencollective.com/typescript-eslint"
			},
			"peerDependencies": {
				"eslint": "^8.57.0 || ^9.0.0 || ^10.0.0",
				"typescript": ">=4.8.4 <6.1.0"
			}
		},
		"node_modules/@typescript-eslint/types": {
			"version": "8.71.0",
			"resolved": "https://registry.npmjs.org/@typescript-eslint/types/-/types-8.71.0.tgz",
			"integrity": "sha512-cJ4OoxPGWvFnBTnSZyaU+qJzGTqPTGJY+gDchj6cRyLRdmIdt4rcsE4twj+zPfrNiWuVi38wijHzShL++Z9atQ==",
			"dev": true,
			"license": "MIT",
			"engines": {
				"node": "^18.18.0 || ^20.9.0 || >=21.1.0"
			},
			"funding": {
				"type": "opencollective",
				"url": "https://opencollective.com/typescript-eslint"
			}
		},
		"node_modules/@typescript-eslint/typescript-estree": {
			"version": "8.71.0",
			"resolved": "https://registry.npmjs.org/@typescript-eslint/typescript-estree/-/typescript-estree-8.71.0.tgz",
			"integrity": "sha512-PEEF4G5sLLWAS5BpPrUvms4ySZkiBQQZM4z+3ReI46axK5Vqr/vXBQatJQIZZOYdGyPUAKTtsrWzpqKuU+3DEw==",
			"dev": true,
			"license": "MIT",
			"dependencies": {
				"@typescript-eslint/project-service": "8.71.0",
				"@typescript-eslint/tsconfig-utils": "8.71.0",
				"@typescript-eslint/types": "8.71.0",
				"@typescript-eslint/visitor-keys": "8.71.0",
				"debug": "^4.4.3",
				"minimatch": "^10.2.2",
				"semver": "^7.7.3",
				"tinyglobby": "^0.2.15",
				"ts-api-utils": "^2.5.0"
			},
			"engines": {
				"node": "^18.18.0 || ^20.9.0 || >=21.1.0"
			},
			"funding": {
				"type": "opencollective",
				"url": "https://opencollective.com/typescript-eslint"
			},
			"peerDependencies": {
				"typescript": ">=4.8.4 <6.1.0"
			}
		},
		"node_modules/@typescript-eslint/utils": {
			"version": "8.71.0",
			"resolved": "https://registry.npmjs.org/@typescript-eslint/utils/-/utils-8.71.0.tgz",
			"integrity": "sha512-pKR/tEMVrXZG23UFKUn5BQf3zfmfk7KQceI2cGzywZ5nxM5Eu3hEJU1utjWzydtzBbcJAQhHN8iPCxobHpPcZQ==",
			"dev": true,
			"license": "MIT",
			"dependencies": {
				"@eslint-community/eslint-utils": "^4.9.1",
				"@typescript-eslint/scope-manager": "8.71.0",
				"@typescript-eslint/types": "8.71.0",
				"@typescript-eslint/typescript-estree": "8.71.0"
			},
			"engines": {
				"node": "^18.18.0 || ^20.9.0 || >=21.1.0"
			},
			"funding": {
				"type": "opencollective",
				"url": "https://opencollective.com/typescript-eslint"
			},
			"peerDependencies": {
				"eslint": "^8.57.0 || ^9.0.0 || ^10.0.0",
				"typescript": ">=4.8.4 <6.1.0"
			}
		},
		"node_modules/@typescript-eslint/visitor-keys": {
			"version": "8.71.0",
			"resolved": "https://registry.npmjs.org/@typescript-eslint/visitor-keys/-/visitor-keys-8.71.0.tgz",
			"integrity": "sha512-8eQ9R218XORK+KLosnf4bu/QsUXvUyVwTbArg7/0NMB1Pu87OJKvj4nhFblkYE8gQV73mW1dx1ptlPCkwRGa7A==",
			"dev": true,
			"license": "MIT",
			"dependencies": {
				"@typescript-eslint/types": "8.71.0",
				"eslint-visitor-keys": "^5.0.0"
			},
			"engines": {
				"node": "^18.18.0 || ^20.9.0 || >=21.1.0"
			},
			"funding": {
				"type": "opencollective",
				"url": "https://opencollective.com/typescript-eslint"
			}
		},
		"node_modules/@typescript-eslint/visitor-keys/node_modules/eslint-visitor-keys": {
			"version": "5.0.1",
			"resolved": "https://registry.npmjs.org/eslint-visitor-keys/-/eslint-visitor-keys-5.0.1.tgz",
			"integrity": "sha512-tD40eHxA35h0PEIZNeIjkHoDR4YjjJp34biM0mDvplBe//mB+IHCqHDGV7pxF+7MklTvighcCPPZC7ynWyjdTA==",
			"dev": true,
			"license": "Apache-2.0",
			"engines": {
				"node": "^20.19.0 || ^22.13.0 || >=24"
			},
			"funding": {
				"url": "https://opencollective.com/eslint"
			}
		},
		"node_modules/acorn": {
			"version": "8.18.0",
			"dev": true,
			"license": "MIT",
			"bin": {
				"acorn": "bin/acorn"
			},
			"engines": {
				"node": ">=0.4.0"
			}
		},
		"node_modules/acorn-jsx": {
			"version": "5.3.2",
			"dev": true,
			"license": "MIT",
			"peerDependencies": {
				"acorn": "^6.0.0 || ^7.0.0 || ^8.0.0"
			}
		},
		"node_modules/ajv": {
			"version": "6.15.0",
			"dev": true,
			"license": "MIT",
			"dependencies": {
				"fast-deep-equal": "^3.1.1",
				"fast-json-stable-stringify": "^2.0.0",
				"json-schema-traverse": "^0.4.1",
				"uri-js": "^4.2.2"
			},
			"funding": {
				"type": "github",
				"url": "https://github.com/sponsors/epoberezkin"
			}
		},
		"node_modules/anymatch": {
			"version": "3.1.3",
			"dev": true,
			"license": "ISC",
			"dependencies": {
				"normalize-path": "^3.0.0",
				"picomatch": "^2.0.4"
			},
			"engines": {
				"node": ">= 8"
			}
		},
		"node_modules/argparse": {
			"version": "2.0.1",
			"dev": true,
			"license": "Python-2.0"
		},
		"node_modules/balanced-match": {
			"version": "4.0.4",
			"dev": true,
			"license": "MIT",
			"engines": {
				"node": "18 || 20 || >=22"
			}
		},
		"node_modules/binary-extensions": {
			"version": "2.3.0",
			"dev": true,
			"license": "MIT",
			"engines": {
				"node": ">=8"
			},
			"funding": {
				"url": "https://github.com/sponsors/sindresorhus"
			}
		},
		"node_modules/brace-expansion": {
			"version": "5.0.12",
			"resolved": "https://registry.npmjs.org/brace-expansion/-/brace-expansion-5.0.12.tgz",
			"integrity": "sha512-YovQ3rzhaLMIrDjNDMkNS01tea93qhEhG5xy8f6+R0l+dw3Ki+5sCoIoI942iuLZTHWogWktgwVDhU09iNEimQ==",
			"dev": true,
			"license": "MIT",
			"dependencies": {
				"balanced-match": "^4.0.2"
			},
			"engines": {
				"node": "20 || >=22"
			}
		},
		"node_modules/braces": {
			"version": "3.0.3",
			"dev": true,
			"license": "MIT",
			"dependencies": {
				"fill-range": "^7.1.1"
			},
			"engines": {
				"node": ">=8"
			}
		},
		"node_modules/buffer-from": {
			"version": "1.1.2",
			"resolved": "https://registry.npmjs.org/buffer-from/-/buffer-from-1.1.2.tgz",
			"integrity": "sha512-E+XQCRwSbaaiChtv6k6Dwgc+bx+Bs6vuKJHHl5kox/BaKbhiXzqQOwK4cO22yElGp2OCmjwVhT3HmxgyPGnJfQ==",
			"dev": true,
			"license": "MIT"
		},
		"node_modules/cacheable": {
			"version": "2.5.0",
			"resolved": "https://registry.npmjs.org/cacheable/-/cacheable-2.5.0.tgz",
			"integrity": "sha512-60cyAOytib/OzBw1JNSoSV/boK1AtHryDIjvVBk7XbN4ugfkM3+Sry7fEjNgPMGgOjuaZPAp8ruZ0Cxafwyq9g==",
			"dev": true,
			"license": "MIT",
			"dependencies": {
				"@cacheable/memory": "^2.2.0",
				"@cacheable/utils": "^2.5.0",
				"hookified": "^1.15.0",
				"keyv": "^5.6.0",
				"qified": "^0.10.1"
			}
		},
		"node_modules/chokidar": {
			"version": "3.6.0",
			"dev": true,
			"license": "MIT",
			"dependencies": {
				"anymatch": "~3.1.2",
				"braces": "~3.0.2",
				"glob-parent": "~5.1.2",
				"is-binary-path": "~2.1.0",
				"is-glob": "~4.0.1",
				"normalize-path": "~3.0.0",
				"readdirp": "~3.6.0"
			},
			"engines": {
				"node": ">= 8.10.0"
			},
			"funding": {
				"url": "https://paulmillr.com/funding/"
			},
			"optionalDependencies": {
				"fsevents": "~2.3.2"
			}
		},
		"node_modules/chokidar/node_modules/glob-parent": {
			"version": "5.1.2",
			"dev": true,
			"license": "ISC",
			"dependencies": {
				"is-glob": "^4.0.1"
			},
			"engines": {
				"node": ">= 6"
			}
		},
		"node_modules/commander": {
			"version": "2.20.3",
			"resolved": "https://registry.npmjs.org/commander/-/commander-2.20.3.tgz",
			"integrity": "sha512-GpVkmM8vF2vQUkj2LvZmD35JxeJOLCwJ9cUkugyk2nuhbv3+mJvpLYYt+0+USMxE+oj+ey/lJEnhZw75x/OMcQ==",
			"dev": true,
			"license": "MIT"
		},
		"node_modules/cross-spawn": {
			"version": "7.0.6",
			"dev": true,
			"license": "MIT",
			"dependencies": {
				"path-key": "^3.1.0",
				"shebang-command": "^2.0.0",
				"which": "^2.0.1"
			},
			"engines": {
				"node": ">= 8"
			}
		},
		"node_modules/debug": {
			"version": "4.4.3",
			"dev": true,
			"license": "MIT",
			"dependencies": {
				"ms": "^2.1.3"
			},
			"engines": {
				"node": ">=6.0"
			},
			"peerDependenciesMeta": {
				"supports-color": {
					"optional": true
				}
			}
		},
		"node_modules/deep-is": {
			"version": "0.1.4",
			"dev": true,
			"license": "MIT"
		},
		"node_modules/electron": {
			"version": "44.5.1",
			"resolved": "https://registry.npmjs.org/electron/-/electron-44.5.1.tgz",
			"integrity": "sha512-lx7AYoFIiyvEvgvpyWO9kOC60xtNPpiPZAth6Fmg9NutzpCAMLwpUlaBY2EXfZyIgUdzEmLMj9KvK0Vrokl1yQ==",
			"dev": true,
			"license": "MIT",
			"dependencies": {
				"@electron-internal/extract-zip": "^1.0.1",
				"@electron/get": "^5.0.0",
				"@types/node": "^24.9.0"
			},
			"bin": {
				"electron": "cli.js",
				"install-electron": "install.js"
			},
			"engines": {
				"node": ">= 22.12.0"
			}
		},
		"node_modules/electron/node_modules/@types/node": {
			"version": "24.13.3",
			"dev": true,
			"license": "MIT",
			"dependencies": {
				"undici-types": "~7.18.0"
			}
		},
		"node_modules/electron/node_modules/undici-types": {
			"version": "7.18.2",
			"dev": true,
			"license": "MIT"
		},
		"node_modules/entities": {
			"version": "4.5.0",
			"dev": true,
			"license": "BSD-2-Clause",
			"engines": {
				"node": ">=0.12"
			},
			"funding": {
				"url": "https://github.com/fb55/entities?sponsor=1"
			}
		},
		"node_modules/env-paths": {
			"version": "3.0.0",
			"dev": true,
			"license": "MIT",
			"engines": {
				"node": "^12.20.0 || ^14.13.1 || >=16.0.0"
			},
			"funding": {
				"url": "https://github.com/sponsors/sindresorhus"
			}
		},
		"node_modules/escape-string-regexp": {
			"version": "4.0.0",
			"dev": true,
			"license": "MIT",
			"engines": {
				"node": ">=10"
			},
			"funding": {
				"url": "https://github.com/sponsors/sindresorhus"
			}
		},
		"node_modules/eslint": {
			"version": "10.12.0",
			"resolved": "https://registry.npmjs.org/eslint/-/eslint-10.12.0.tgz",
			"integrity": "sha512-npHjrHb2o4ehH3mE+YuxABR+0gyb0aVWCIolgJDArwCiHEIsonBm3ZKjel5b0U5+a+MbEvIyRCGCzD3eKKK2NA==",
			"dev": true,
			"license": "MIT",
			"workspaces": [
				"packages/*"
			],
			"dependencies": {
				"@eslint-community/eslint-utils": "^4.8.0",
				"@eslint-community/regexpp": "^4.12.2",
				"@eslint/config-array": "^0.23.5",
				"@eslint/config-helpers": "^0.7.0",
				"@eslint/core": "^1.2.1",
				"@eslint/plugin-kit": "^0.7.3",
				"@humanfs/node": "^0.16.6",
				"@humanwhocodes/module-importer": "^1.0.1",
				"@humanwhocodes/retry": "^0.4.2",
				"@types/estree": "^1.0.6",
				"ajv": "^6.14.0",
				"cross-spawn": "^7.0.6",
				"debug": "^4.3.2",
				"escape-string-regexp": "^4.0.0",
				"eslint-scope": "^9.1.2",
				"eslint-visitor-keys": "^5.0.1",
				"espree": "^11.2.0",
				"esquery": "^1.7.0",
				"esutils": "^2.0.2",
				"fast-deep-equal": "^3.1.3",
				"file-entry-cache": "11.1.5 || >11.1.6 <12",
				"find-up": "^5.0.0",
				"glob-parent": "^6.0.2",
				"ignore": "^5.2.0",
				"imurmurhash": "^0.1.4",
				"is-glob": "^4.0.0",
				"json-stable-stringify-without-jsonify": "^1.0.1",
				"minimatch": "^10.2.5",
				"natural-compare": "^1.4.0",
				"optionator": "^0.9.3"
			},
			"bin": {
				"eslint": "bin/eslint.js"
			},
			"engines": {
				"node": "^20.19.0 || ^22.13.0 || >=24"
			},
			"funding": {
				"url": "https://eslint.org/donate"
			},
			"peerDependencies": {
				"jiti": "*"
			},
			"peerDependenciesMeta": {
				"jiti": {
					"optional": true
				}
			}
		},
		"node_modules/eslint-scope": {
			"version": "9.1.2",
			"dev": true,
			"license": "BSD-2-Clause",
			"dependencies": {
				"@types/esrecurse": "^4.3.1",
				"@types/estree": "^1.0.8",
				"esrecurse": "^4.3.0",
				"estraverse": "^5.2.0"
			},
			"engines": {
				"node": "^20.19.0 || ^22.13.0 || >=24"
			},
			"funding": {
				"url": "https://opencollective.com/eslint"
			}
		},
		"node_modules/eslint-visitor-keys": {
			"version": "3.4.3",
			"dev": true,
			"license": "Apache-2.0",
			"engines": {
				"node": "^12.22.0 || ^14.17.0 || >=16.0.0"
			},
			"funding": {
				"url": "https://opencollective.com/eslint"
			}
		},
		"node_modules/eslint/node_modules/eslint-visitor-keys": {
			"version": "5.0.1",
			"dev": true,
			"license": "Apache-2.0",
			"engines": {
				"node": "^20.19.0 || ^22.13.0 || >=24"
			},
			"funding": {
				"url": "https://opencollective.com/eslint"
			}
		},
		"node_modules/eslint/node_modules/ignore": {
			"version": "5.3.2",
			"dev": true,
			"license": "MIT",
			"engines": {
				"node": ">= 4"
			}
		},
		"node_modules/espree": {
			"version": "11.2.0",
			"dev": true,
			"license": "BSD-2-Clause",
			"dependencies": {
				"acorn": "^8.16.0",
				"acorn-jsx": "^5.3.2",
				"eslint-visitor-keys": "^5.0.1"
			},
			"engines": {
				"node": "^20.19.0 || ^22.13.0 || >=24"
			},
			"funding": {
				"url": "https://opencollective.com/eslint"
			}
		},
		"node_modules/espree/node_modules/eslint-visitor-keys": {
			"version": "5.0.1",
			"dev": true,
			"license": "Apache-2.0",
			"engines": {
				"node": "^20.19.0 || ^22.13.0 || >=24"
			},
			"funding": {
				"url": "https://opencollective.com/eslint"
			}
		},
		"node_modules/esquery": {
			"version": "1.7.0",
			"dev": true,
			"license": "BSD-3-Clause",
			"dependencies": {
				"estraverse": "^5.1.0"
			},
			"engines": {
				"node": ">=0.10"
			}
		},
		"node_modules/esrecurse": {
			"version": "4.3.0",
			"dev": true,
			"license": "BSD-2-Clause",
			"dependencies": {
				"estraverse": "^5.2.0"
			},
			"engines": {
				"node": ">=4.0"
			}
		},
		"node_modules/estraverse": {
			"version": "5.3.0",
			"dev": true,
			"license": "BSD-2-Clause",
			"engines": {
				"node": ">=4.0"
			}
		},
		"node_modules/esutils": {
			"version": "2.0.3",
			"dev": true,
			"license": "BSD-2-Clause",
			"engines": {
				"node": ">=0.10.0"
			}
		},
		"node_modules/fast-deep-equal": {
			"version": "3.1.3",
			"dev": true,
			"license": "MIT"
		},
		"node_modules/fast-json-stable-stringify": {
			"version": "2.1.0",
			"dev": true,
			"license": "MIT"
		},
		"node_modules/fast-levenshtein": {
			"version": "2.0.6",
			"dev": true,
			"license": "MIT"
		},
		"node_modules/fflate": {
			"version": "0.8.3",
			"dev": true,
			"license": "MIT"
		},
		"node_modules/file-entry-cache": {
			"version": "11.1.5",
			"resolved": "https://registry.npmjs.org/file-entry-cache/-/file-entry-cache-11.1.5.tgz",
			"integrity": "sha512-+PFTHITI08JIGhnNpGNI8T8inUpgZfk3GNEqfT9R2zZV2iFXg3CvqzSl/uEhs7TSGujYRELEANyDvS8Fj7+S7Q==",
			"dev": true,
			"license": "MIT",
			"dependencies": {
				"flat-cache": "^6.1.23"
			}
		},
		"node_modules/fill-range": {
			"version": "7.1.1",
			"dev": true,
			"license": "MIT",
			"dependencies": {
				"to-regex-range": "^5.0.1"
			},
			"engines": {
				"node": ">=8"
			}
		},
		"node_modules/find-up": {
			"version": "5.0.0",
			"dev": true,
			"license": "MIT",
			"dependencies": {
				"locate-path": "^6.0.0",
				"path-exists": "^4.0.0"
			},
			"engines": {
				"node": ">=10"
			},
			"funding": {
				"url": "https://github.com/sponsors/sindresorhus"
			}
		},
		"node_modules/flat-cache": {
			"version": "6.1.23",
			"resolved": "https://registry.npmjs.org/flat-cache/-/flat-cache-6.1.23.tgz",
			"integrity": "sha512-f++BY9pTk+983xK1FLzlLpmM0i0z+jHmx3QESGkURMXujQZz1k5wzwX6hjnQ8goaD0B+sYnDK1yZ6MTyZfUaqA==",
			"dev": true,
			"license": "MIT",
			"dependencies": {
				"cacheable": "^2.5.0",
				"flatted": "^3.4.2",
				"hookified": "^1.15.0"
			}
		},
		"node_modules/flatted": {
			"version": "3.4.4",
			"resolved": "https://registry.npmjs.org/flatted/-/flatted-3.4.4.tgz",
			"integrity": "sha512-5+ybhBZANEJxaH3X5evAFatUxLfEHSr7n6kYJ+1Qd0mUqr4eu9gIf6GDbWHf8RJijHrjjO8G+la14SlL2SeS1Q==",
			"dev": true,
			"license": "ISC"
		},
		"node_modules/fsevents": {
			"version": "2.3.3",
			"resolved": "https://registry.npmjs.org/fsevents/-/fsevents-2.3.3.tgz",
			"integrity": "sha512-5xoDfX+fL7faATnagmWPpbFtwh/R77WmMMqqHGS65C3vvB0YHrgF+B1YmZ3441tMj5n63k0212XNoJwzlhffQw==",
			"dev": true,
			"hasInstallScript": true,
			"license": "MIT",
			"optional": true,
			"os": [
				"darwin"
			],
			"engines": {
				"node": "^8.16.0 || ^10.6.0 || >=11.0.0"
			}
		},
		"node_modules/glob-parent": {
			"version": "6.0.2",
			"dev": true,
			"license": "ISC",
			"dependencies": {
				"is-glob": "^4.0.3"
			},
			"engines": {
				"node": ">=10.13.0"
			}
		},
		"node_modules/globals": {
			"version": "17.13.0",
			"resolved": "https://registry.npmjs.org/globals/-/globals-17.13.0.tgz",
			"integrity": "sha512-RwMTC61u7hrG3ZJMkZQOK4JLJrKS8QtoTii63EmWvFXHqycY9FObBJQCbsLxSO8kjKhWE5kV1GC+Vb1g3RI0Zg==",
			"dev": true,
			"license": "MIT",
			"engines": {
				"node": ">=18"
			},
			"funding": {
				"url": "https://github.com/sponsors/sindresorhus"
			}
		},
		"node_modules/graceful-fs": {
			"version": "4.2.11",
			"dev": true,
			"license": "ISC"
		},
		"node_modules/has-flag": {
			"version": "3.0.0",
			"dev": true,
			"license": "MIT",
			"engines": {
				"node": ">=4"
			}
		},
		"node_modules/hashery": {
			"version": "1.5.1",
			"resolved": "https://registry.npmjs.org/hashery/-/hashery-1.5.1.tgz",
			"integrity": "sha512-iZyKG96/JwPz1N55vj2Ie2vXbhu440zfUfJvSwEqEbeLluk7NnapfGqa7LH0mOsnDxTF85Mx8/dyR6HfqcbmbQ==",
			"dev": true,
			"license": "MIT",
			"dependencies": {
				"hookified": "^1.15.0"
			},
			"engines": {
				"node": ">=20"
			}
		},
		"node_modules/hookified": {
			"version": "1.15.1",
			"resolved": "https://registry.npmjs.org/hookified/-/hookified-1.15.1.tgz",
			"integrity": "sha512-MvG/clsADq1GPM2KGo2nyfaWVyn9naPiXrqIe4jYjXNZQt238kWyOGrsyc/DmRAQ+Re6yeo6yX/yoNCG5KAEVg==",
			"dev": true,
			"license": "MIT"
		},
		"node_modules/howler": {
			"version": "2.2.4",
			"dev": true,
			"license": "MIT"
		},
		"node_modules/ignore": {
			"version": "7.0.8",
			"dev": true,
			"license": "MIT",
			"engines": {
				"node": ">= 4"
			}
		},
		"node_modules/ignore-by-default": {
			"version": "1.0.1",
			"dev": true,
			"license": "ISC"
		},
		"node_modules/imurmurhash": {
			"version": "0.1.4",
			"dev": true,
			"license": "MIT",
			"engines": {
				"node": ">=0.8.19"
			}
		},
		"node_modules/is-binary-path": {
			"version": "2.1.0",
			"dev": true,
			"license": "MIT",
			"dependencies": {
				"binary-extensions": "^2.0.0"
			},
			"engines": {
				"node": ">=8"
			}
		},
		"node_modules/is-extglob": {
			"version": "2.1.1",
			"dev": true,
			"license": "MIT",
			"engines": {
				"node": ">=0.10.0"
			}
		},
		"node_modules/is-glob": {
			"version": "4.0.3",
			"dev": true,
			"license": "MIT",
			"dependencies": {
				"is-extglob": "^2.1.1"
			},
			"engines": {
				"node": ">=0.10.0"
			}
		},
		"node_modules/is-number": {
			"version": "7.0.0",
			"dev": true,
			"license": "MIT",
			"engines": {
				"node": ">=0.12.0"
			}
		},
		"node_modules/isexe": {
			"version": "2.0.0",
			"dev": true,
			"license": "ISC"
		},
		"node_modules/jiti": {
			"version": "2.7.0",
			"dev": true,
			"license": "MIT",
			"bin": {
				"jiti": "lib/jiti-cli.mjs"
			}
		},
		"node_modules/json-schema-traverse": {
			"version": "0.4.1",
			"dev": true,
			"license": "MIT"
		},
		"node_modules/json-stable-stringify-without-jsonify": {
			"version": "1.0.1",
			"dev": true,
			"license": "MIT"
		},
		"node_modules/keyv": {
			"version": "5.6.0",
			"resolved": "https://registry.npmjs.org/keyv/-/keyv-5.6.0.tgz",
			"integrity": "sha512-CYDD3SOtsHtyXeEORYRx2qBtpDJFjRTGXUtmNEMGyzYOKj1TE3tycdlho7kA1Ufx9OYWZzg52QFBGALTirzDSw==",
			"dev": true,
			"license": "MIT",
			"dependencies": {
				"@keyv/serialize": "^1.1.1"
			}
		},
		"node_modules/levn": {
			"version": "0.4.1",
			"dev": true,
			"license": "MIT",
			"dependencies": {
				"prelude-ls": "^1.2.1",
				"type-check": "~0.4.0"
			},
			"engines": {
				"node": ">= 0.8.0"
			}
		},
		"node_modules/linkify-it": {
			"version": "5.0.2",
			"dev": true,
			"funding": [
				{
					"type": "github",
					"url": "https://github.com/sponsors/puzrin"
				},
				{
					"type": "github",
					"url": "https://github.com/sponsors/markdown-it"
				}
			],
			"license": "MIT",
			"dependencies": {
				"uc.micro": "^2.0.0"
			}
		},
		"node_modules/locate-path": {
			"version": "6.0.0",
			"dev": true,
			"license": "MIT",
			"dependencies": {
				"p-locate": "^5.0.0"
			},
			"engines": {
				"node": ">=10"
			},
			"funding": {
				"url": "https://github.com/sponsors/sindresorhus"
			}
		},
		"node_modules/lunr": {
			"version": "2.3.9",
			"dev": true,
			"license": "MIT"
		},
		"node_modules/markdown-it": {
			"version": "14.3.1",
			"dev": true,
			"funding": [
				{
					"type": "github",
					"url": "https://github.com/sponsors/puzrin"
				},
				{
					"type": "github",
					"url": "https://github.com/sponsors/markdown-it"
				}
			],
			"license": "MIT",
			"dependencies": {
				"argparse": "^2.0.1",
				"entities": "^4.5.0",
				"linkify-it": "^5.0.2",
				"mdurl": "^2.0.0",
				"punycode.js": "^2.3.1",
				"uc.micro": "^2.1.0"
			},
			"bin": {
				"markdown-it": "bin/markdown-it.mjs"
			}
		},
		"node_modules/mdurl": {
			"version": "2.1.0",
			"dev": true,
			"license": "MIT"
		},
		"node_modules/meshoptimizer": {
			"version": "1.1.1",
			"dev": true,
			"license": "MIT"
		},
		"node_modules/minimatch": {
			"version": "10.2.6",
			"dev": true,
			"license": "BlueOak-1.0.0",
			"dependencies": {
				"brace-expansion": "^5.0.8"
			},
			"engines": {
				"node": "18 || 20 || >=22"
			},
			"funding": {
				"url": "https://github.com/sponsors/isaacs"
			}
		},
		"node_modules/ms": {
			"version": "2.1.3",
			"dev": true,
			"license": "MIT"
		},
		"node_modules/natural-compare": {
			"version": "1.4.0",
			"dev": true,
			"license": "MIT"
		},
		"node_modules/nodemon": {
			"version": "3.1.14",
			"dev": true,
			"license": "MIT",
			"dependencies": {
				"chokidar": "^3.5.2",
				"debug": "^4",
				"ignore-by-default": "^1.0.1",
				"minimatch": "^10.2.1",
				"pstree.remy": "^1.1.8",
				"semver": "^7.5.3",
				"simple-update-notifier": "^2.0.0",
				"supports-color": "^5.5.0",
				"touch": "^3.1.0",
				"undefsafe": "^2.0.5"
			},
			"bin": {
				"nodemon": "bin/nodemon.js"
			},
			"engines": {
				"node": ">=10"
			},
			"funding": {
				"type": "opencollective",
				"url": "https://opencollective.com/nodemon"
			}
		},
		"node_modules/normalize-path": {
			"version": "3.0.0",
			"dev": true,
			"license": "MIT",
			"engines": {
				"node": ">=0.10.0"
			}
		},
		"node_modules/optionator": {
			"version": "0.9.4",
			"dev": true,
			"license": "MIT",
			"dependencies": {
				"deep-is": "^0.1.3",
				"fast-levenshtein": "^2.0.6",
				"levn": "^0.4.1",
				"prelude-ls": "^1.2.1",
				"type-check": "^0.4.0",
				"word-wrap": "^1.2.5"
			},
			"engines": {
				"node": ">= 0.8.0"
			}
		},
		"node_modules/p-limit": {
			"version": "3.1.0",
			"dev": true,
			"license": "MIT",
			"dependencies": {
				"yocto-queue": "^0.1.0"
			},
			"engines": {
				"node": ">=10"
			},
			"funding": {
				"url": "https://github.com/sponsors/sindresorhus"
			}
		},
		"node_modules/p-locate": {
			"version": "5.0.0",
			"dev": true,
			"license": "MIT",
			"dependencies": {
				"p-limit": "^3.0.2"
			},
			"engines": {
				"node": ">=10"
			},
			"funding": {
				"url": "https://github.com/sponsors/sindresorhus"
			}
		},
		"node_modules/path-exists": {
			"version": "4.0.0",
			"dev": true,
			"license": "MIT",
			"engines": {
				"node": ">=8"
			}
		},
		"node_modules/path-key": {
			"version": "3.1.1",
			"dev": true,
			"license": "MIT",
			"engines": {
				"node": ">=8"
			}
		},
		"node_modules/picomatch": {
			"version": "2.3.2",
			"dev": true,
			"license": "MIT",
			"engines": {
				"node": ">=8.6"
			},
			"funding": {
				"url": "https://github.com/sponsors/jonschlinkert"
			}
		},
		"node_modules/prelude-ls": {
			"version": "1.2.1",
			"dev": true,
			"license": "MIT",
			"engines": {
				"node": ">= 0.8.0"
			}
		},
		"node_modules/progress": {
			"version": "2.0.3",
			"dev": true,
			"license": "MIT",
			"engines": {
				"node": ">=0.4.0"
			}
		},
		"node_modules/pstree.remy": {
			"version": "1.1.8",
			"dev": true,
			"license": "MIT"
		},
		"node_modules/punycode": {
			"version": "2.3.1",
			"dev": true,
			"license": "MIT",
			"engines": {
				"node": ">=6"
			}
		},
		"node_modules/punycode.js": {
			"version": "2.3.1",
			"dev": true,
			"license": "MIT",
			"engines": {
				"node": ">=6"
			}
		},
		"node_modules/qified": {
			"version": "0.10.1",
			"resolved": "https://registry.npmjs.org/qified/-/qified-0.10.1.tgz",
			"integrity": "sha512-+Owyggi9IxT1ePKGafcI87ubSmxol6smwJ+RAHDQlx9+9cPwFWDiKFFCPuWhr9ignlGpZ9vDQLw67N4dcTVFEA==",
			"dev": true,
			"license": "MIT",
			"dependencies": {
				"hookified": "^2.1.1"
			},
			"engines": {
				"node": ">=20"
			}
		},
		"node_modules/qified/node_modules/hookified": {
			"version": "2.2.0",
			"resolved": "https://registry.npmjs.org/hookified/-/hookified-2.2.0.tgz",
			"integrity": "sha512-p/LgFzRN5FeoD3DLS6bkUapeye6E4SI6yJs6KetENd18S+FBthqYq2amJUWpt5z0EQwwHemidjY5OqJGEKm5uA==",
			"dev": true,
			"license": "MIT"
		},
		"node_modules/readdirp": {
			"version": "3.6.0",
			"dev": true,
			"license": "MIT",
			"dependencies": {
				"picomatch": "^2.2.1"
			},
			"engines": {
				"node": ">=8.10.0"
			}
		},
		"node_modules/semver": {
			"version": "7.8.5",
			"dev": true,
			"license": "ISC",
			"bin": {
				"semver": "bin/semver.js"
			},
			"engines": {
				"node": ">=10"
			}
		},
		"node_modules/shebang-command": {
			"version": "2.0.0",
			"dev": true,
			"license": "MIT",
			"dependencies": {
				"shebang-regex": "^3.0.0"
			},
			"engines": {
				"node": ">=8"
			}
		},
		"node_modules/shebang-regex": {
			"version": "3.0.0",
			"dev": true,
			"license": "MIT",
			"engines": {
				"node": ">=8"
			}
		},
		"node_modules/simple-update-notifier": {
			"version": "2.0.0",
			"dev": true,
			"license": "MIT",
			"dependencies": {
				"semver": "^7.5.3"
			},
			"engines": {
				"node": ">=10"
			}
		},
		"node_modules/source-map": {
			"version": "0.6.1",
			"resolved": "https://registry.npmjs.org/source-map/-/source-map-0.6.1.tgz",
			"integrity": "sha512-UjgapumWlbMhkBgzT7Ykc5YXUT46F0iKu8SGXq0bcwP5dz/h0Plj6enJqjz1Zbq2l5WaqYnrVbwWOWMyF3F47g==",
			"dev": true,
			"license": "BSD-3-Clause",
			"engines": {
				"node": ">=0.10.0"
			}
		},
		"node_modules/source-map-support": {
			"version": "0.5.21",
			"resolved": "https://registry.npmjs.org/source-map-support/-/source-map-support-0.5.21.tgz",
			"integrity": "sha512-uBHU3L3czsIyYXKX88fdrGovxdSCoTGDRZ6SYXtSRxLZUzHg5P/66Ht6uoUlHu9EZod+inXhKo3qQgwXUT/y1w==",
			"dev": true,
			"license": "MIT",
			"dependencies": {
				"buffer-from": "^1.0.0",
				"source-map": "^0.6.0"
			}
		},
		"node_modules/sumchecker": {
			"version": "3.0.1",
			"dev": true,
			"license": "Apache-2.0",
			"dependencies": {
				"debug": "^4.1.0"
			},
			"engines": {
				"node": ">= 8.0"
			}
		},
		"node_modules/supports-color": {
			"version": "5.5.0",
			"dev": true,
			"license": "MIT",
			"dependencies": {
				"has-flag": "^3.0.0"
			},
			"engines": {
				"node": ">=4"
			}
		},
		"node_modules/terser": {
			"version": "5.51.2",
			"resolved": "https://registry.npmjs.org/terser/-/terser-5.51.2.tgz",
			"integrity": "sha512-bWnjSNscmuI+GJze6ZupnHP8G/cTcsJF+bXCeQknk2SHQsgbNJnLrqiH9jZ2W4STPVXH2mDKKRX3iwPhc9Cn/Q==",
			"dev": true,
			"license": "BSD-2-Clause",
			"dependencies": {
				"@jridgewell/source-map": "^0.3.3",
				"acorn": "^8.15.0",
				"commander": "^2.20.0",
				"source-map-support": "~0.5.20"
			},
			"bin": {
				"terser": "bin/terser"
			},
			"engines": {
				"node": ">=10"
			}
		},
		"node_modules/three": {
			"version": "0.186.1",
			"resolved": "https://registry.npmjs.org/three/-/three-0.186.1.tgz",
			"integrity": "sha512-blFeqb49wRCSGUGj7gtpfnSGHy2lwDk94RhUmS1c/hTby70kvChbWpkJ4Pm1390LqzzvTmzgXKHPEafJwCb8jA==",
			"dev": true,
			"license": "MIT"
		},
		"node_modules/tinyglobby": {
			"version": "0.2.17",
			"resolved": "https://registry.npmjs.org/tinyglobby/-/tinyglobby-0.2.17.tgz",
			"integrity": "sha512-wXR/dYpcqKmfWpEdZjiKJOwCNFndD0DMnrW/cYjVGttEkBfVgcLFHoNrlj47mjOVic9yyNu65alsgF4NQyTa2g==",
			"dev": true,
			"license": "MIT",
			"dependencies": {
				"fdir": "^6.5.0",
				"picomatch": "^4.0.4"
			},
			"engines": {
				"node": ">=12.0.0"
			},
			"funding": {
				"url": "https://github.com/sponsors/SuperchupuDev"
			}
		},
		"node_modules/tinyglobby/node_modules/fdir": {
			"version": "6.5.0",
			"resolved": "https://registry.npmjs.org/fdir/-/fdir-6.5.0.tgz",
			"integrity": "sha512-tIbYtZbucOs0BRGqPJkshJUYdL+SDH7dVM8gjy+ERp3WAUjLEFJE+02kanyHtwjWOnwrKYBiwAmM0p4kLJAnXg==",
			"dev": true,
			"license": "MIT",
			"engines": {
				"node": ">=12.0.0"
			},
			"peerDependencies": {
				"picomatch": "^3 || ^4"
			},
			"peerDependenciesMeta": {
				"picomatch": {
					"optional": true
				}
			}
		},
		"node_modules/tinyglobby/node_modules/picomatch": {
			"version": "4.0.7",
			"resolved": "https://registry.npmjs.org/picomatch/-/picomatch-4.0.7.tgz",
			"integrity": "sha512-qcJu88Q2IWqJsDD529JKMdwGm/dvInW4HvQnRwiH9JtihJvzGOscDtHE3x1pBKeUOTysQ8kVmLnJ2kJu7yhcGA==",
			"dev": true,
			"license": "MIT",
			"engines": {
				"node": ">=12"
			},
			"funding": {
				"url": "https://github.com/sponsors/jonschlinkert"
			}
		},
		"node_modules/to-regex-range": {
			"version": "5.0.1",
			"dev": true,
			"license": "MIT",
			"dependencies": {
				"is-number": "^7.0.0"
			},
			"engines": {
				"node": ">=8.0"
			}
		},
		"node_modules/touch": {
			"version": "3.1.1",
			"dev": true,
			"license": "ISC",
			"bin": {
				"nodetouch": "bin/nodetouch.js"
			}
		},
		"node_modules/ts-api-utils": {
			"version": "2.5.0",
			"dev": true,
			"license": "MIT",
			"engines": {
				"node": ">=18.12"
			},
			"peerDependencies": {
				"typescript": ">=4.8.4"
			}
		},
		"node_modules/type-check": {
			"version": "0.4.0",
			"dev": true,
			"license": "MIT",
			"dependencies": {
				"prelude-ls": "^1.2.1"
			},
			"engines": {
				"node": ">= 0.8.0"
			}
		},
		"node_modules/typedoc": {
			"version": "0.28.20",
			"dev": true,
			"license": "Apache-2.0",
			"dependencies": {
				"@gerrit0/mini-shiki": "^3.23.0",
				"lunr": "^2.3.9",
				"markdown-it": "^14.3.0",
				"minimatch": "^10.2.5",
				"yaml": "^2.9.0"
			},
			"bin": {
				"typedoc": "bin/typedoc"
			},
			"engines": {
				"node": ">= 18",
				"pnpm": ">= 10"
			},
			"peerDependencies": {
				"typescript": "5.0.x || 5.1.x || 5.2.x || 5.3.x || 5.4.x || 5.5.x || 5.6.x || 5.7.x || 5.8.x || 5.9.x || 6.0.x"
			}
		},
		"node_modules/typedoc-github-theme": {
			"version": "0.4.0",
			"dev": true,
			"license": "MIT",
			"engines": {
				"node": ">=18.0.0"
			},
			"peerDependencies": {
				"typedoc": "~0.28.0"
			}
		},
		"node_modules/typescript": {
			"version": "6.0.3",
			"dev": true,
			"license": "Apache-2.0",
			"bin": {
				"tsc": "bin/tsc",
				"tsserver": "bin/tsserver"
			},
			"engines": {
				"node": ">=14.17"
			}
		},
		"node_modules/typescript-eslint": {
			"version": "8.71.0",
			"resolved": "https://registry.npmjs.org/typescript-eslint/-/typescript-eslint-8.71.0.tgz",
			"integrity": "sha512-fBdHYiqQ14RW6mOMXD14Svn82ZsCYAoQSzGRzyEjR59S5A2Krh/l7fGTOQ7iCr8gGy/mHVXtEF7s5fgjEdV0Pw==",
			"dev": true,
			"license": "MIT",
			"dependencies": {
				"@typescript-eslint/eslint-plugin": "8.71.0",
				"@typescript-eslint/parser": "8.71.0",
				"@typescript-eslint/typescript-estree": "8.71.0",
				"@typescript-eslint/utils": "8.71.0"
			},
			"engines": {
				"node": "^18.18.0 || ^20.9.0 || >=21.1.0"
			},
			"funding": {
				"type": "opencollective",
				"url": "https://opencollective.com/typescript-eslint"
			},
			"peerDependencies": {
				"eslint": "^8.57.0 || ^9.0.0 || ^10.0.0",
				"typescript": ">=4.8.4 <6.1.0"
			}
		},
		"node_modules/uc.micro": {
			"version": "2.1.0",
			"dev": true,
			"license": "MIT"
		},
		"node_modules/undefsafe": {
			"version": "2.0.5",
			"dev": true,
			"license": "MIT"
		},
		"node_modules/undici": {
			"version": "7.30.0",
			"resolved": "https://registry.npmjs.org/undici/-/undici-7.30.0.tgz",
			"integrity": "sha512-dkrQXeHSaoamnItlYbmzG0wFYrM0ZwDxCIg0A7aKjTyyhh9svRzCNFEzV+Vm05/yehjCzjDZ31KXfGEjYSztDQ==",
			"dev": true,
			"license": "MIT",
			"optional": true,
			"engines": {
				"node": ">=20.18.1"
			}
		},
		"node_modules/undici-types": {
			"version": "8.9.0",
			"resolved": "https://registry.npmjs.org/undici-types/-/undici-types-8.9.0.tgz",
			"integrity": "sha512-KTDyRTYX8sWmKXAikPHHSyc63CRPETMctyjKFupcC6OBLXT3xsN0e9aF7m+mIXutFWpUXuedtowG7iLOzp0kQg==",
			"dev": true,
			"license": "MIT"
		},
		"node_modules/uri-js": {
			"version": "4.4.1",
			"dev": true,
			"license": "BSD-2-Clause",
			"dependencies": {
				"punycode": "^2.1.0"
			}
		},
		"node_modules/which": {
			"version": "2.0.2",
			"dev": true,
			"license": "ISC",
			"dependencies": {
				"isexe": "^2.0.0"
			},
			"bin": {
				"node-which": "bin/node-which"
			},
			"engines": {
				"node": ">= 8"
			}
		},
		"node_modules/word-wrap": {
			"version": "1.2.5",
			"dev": true,
			"license": "MIT",
			"engines": {
				"node": ">=0.10.0"
			}
		},
		"node_modules/yaml": {
			"version": "2.9.0",
			"dev": true,
			"license": "ISC",
			"bin": {
				"yaml": "bin.mjs"
			},
			"engines": {
				"node": ">= 14.6"
			},
			"funding": {
				"url": "https://github.com/sponsors/eemeli"
			}
		},
		"node_modules/yocto-queue": {
			"version": "0.1.0",
			"dev": true,
			"license": "MIT",
			"engines": {
				"node": ">=10"
			},
			"funding": {
				"url": "https://github.com/sponsors/sindresorhus"
			}
		}
	}
}
